
Microsoft Visual Studio Solution File, Format Version 12.00
# Visual Studio Version 17
VisualStudioVersion = 17.4.33205.214
MinimumVisualStudioVersion = 10.0.40219.1
Project("{9A19103F-16F7-4668-BE54-9A1E7A4F7556}") = "HotelListingApi", "HotelListingApi.csproj", "{C0B4074E-015A-463C-9E70-40A003BA9C95}"
EndProject
Project("{FAE04EC0-301F-11D3-BF4B-00C04F79EFBC}") = "HotelListingMinimalAPI", "..\HotelListingMinimalAPI\HotelListingMinimalAPI.csproj", "{BE0B6AB8-4A58-4E72-8E69-A32399399A4F}"
EndProject
Global
	GlobalSection(SolutionConfigurationPlatforms) = preSolution
		Debug|Any CPU = Debug|Any CPU
		Release|Any CPU = Release|Any CPU
	EndGlobalSection
	GlobalSection(ProjectConfigurationPlatforms) = postSolution
		{C0B4074E-015A-463C-9E70-40A003BA9C95}.Debug|Any CPU.ActiveCfg = Debug|Any CPU
		{C0B4074E-015A-463C-9E70-40A003BA9C95}.Debug|Any CPU.Build.0 = Debug|Any CPU
		{C0B4074E-015A-463C-9E70-40A003BA9C95}.Release|Any CPU.ActiveCfg = Release|Any CPU
		{C0B4074E-015A-463C-9E70-40A003BA9C95}.Release|Any CPU.Build.0 = Release|Any CPU
		{BE0B6AB8-4A58-4E72-8E69-A32399399A4F}.Debug|Any CPU.ActiveCfg = Debug|Any CPU
		{BE0B6AB8-4A58-4E72-8E69-A32399399A4F}.Debug|Any CPU.Build.0 = Debug|Any CPU
		{BE0B6AB8-4A58-4E72-8E69-A32399399A4F}.Release|Any CPU.ActiveCfg = Release|Any CPU
		{BE0B6AB8-4A58-4E72-8E69-A32399399A4F}.Release|Any CPU.Build.0 = Release|Any CPU
	EndGlobalSection
	GlobalSection(SolutionProperties) = preSolution
		HideSolutionNode = FALSE
	EndGlobalSection
	GlobalSection(ExtensibilityGlobals) = postSolution
		SolutionGuid = {025145A4-1C27-4257-B5AE-6E9F0066725A}
	EndGlobalSection
EndGlobal
